
Microsoft Visual Studio Solution File, Format Version 12.00
# Visual Studio 15
VisualStudioVersion = 15.0.28307.645
MinimumVisualStudioVersion = 10.0.40219.1
Project("{FAE04EC0-301F-11D3-BF4B-00C04F79EFBC}") = "RoomFinder", "RoomFinder\RoomFinder.csproj", "{513B5E2E-B4C9-4DC0-8D40-DB5A64F1CD81}"
EndProject
Global
	GlobalSection(SolutionConfigurationPlatforms) = preSolution
		Debug|Any CPU = Debug|Any CPU
		Release|Any CPU = Release|Any CPU
	EndGlobalSection
	GlobalSection(ProjectConfigurationPlatforms) = postSolution
		{513B5E2E-B4C9-4DC0-8D40-DB5A64F1CD81}.Debug|Any CPU.ActiveCfg = Debug|Any CPU
		{513B5E2E-B4C9-4DC0-8D40-DB5A64F1CD81}.Debug|Any CPU.Build.0 = Debug|Any CPU
		{513B5E2E-B4C9-4DC0-8D40-DB5A64F1CD81}.Release|Any CPU.ActiveCfg = Release|Any CPU
		{513B5E2E-B4C9-4DC0-8D40-DB5A64F1CD81}.Release|Any CPU.Build.0 = Release|Any CPU
	EndGlobalSection
	GlobalSection(SolutionProperties) = preSolution
		HideSolutionNode = FALSE
	EndGlobalSection
	GlobalSection(ExtensibilityGlobals) = postSolution
		SolutionGuid = {85BE1F54-0F9D-499C-B337-0ADB933E1972}
	EndGlobalSection
EndGlobal
